{
  "nodes": {
    "nixpkgs": {
      "locked": {
        "lastModified": 1765186076,
        "narHash": "sha256-hM20uyap1a0M9d344I692r+ik4gTMyj60cQWO+hAYP8=",
        "rev": "addf7cf5f383a3101ecfba091b98d0a1263dc9b8",
        "revCount": 908783,
        "type": "tarball",
        "url": "https://api.flakehub.com/f/pinned/NixOS/nixpkgs/0.1.908783%2Brev-addf7cf5f383a3101ecfba091b98d0a1263dc9b8/019b03a0-b1e4-7f2a-9d10-ad8434116660/source.tar.gz"
      },
      "original": {
        "type": "tarball",
        "url": "https://flakehub.com/f/NixOS/nixpkgs/0.1"
      }
    },
    "root": {
      "inputs": {
        "nixpkgs": "nixpkgs"
      }
    }
  },
  "root": "root",
  "version": 7
}
